# This file is automatically @generated by Poetry 1.5.4 and should not be changed by hand.

[[package]]
name = "menu"
version = "3.2.2"
description = "Easily create command-line menus"
optional = false
python-versions = "*"
files = [
    {file = "Menu-3.2.2.tar.gz", hash = "sha256:8143eeec772937d4adc80b5a451f827da3dcdc9b2a1f850b4734e5d5e50d3dc4"},
]

[metadata]
lock-version = "2.0"
python-versions = ">=3.10.0,<3.12"
content-hash = "f7ce66b17a9ed4f91a7879d2e16279aee72a141afad0f71febe95c1e15443bdf"
